
Microsoft Visual Studio Solution File, Format Version 12.00
# Visual Studio Version 16
VisualStudioVersion = 16.0.31911.196
MinimumVisualStudioVersion = 10.0.40219.1
Project("{8BC9CEB8-8B4A-11D0-8D11-00A0C91BC942}") = "ExampleClassSP2022", "ExampleClassSP2022\ExampleClassSP2022.vcxproj", "{D55B6AD2-3D10-41FB-9491-D7C36A204F15}"
EndProject
Global
	GlobalSection(SolutionConfigurationPlatforms) = preSolution
		Debug|x64 = Debug|x64
		Debug|x86 = Debug|x86
		Release|x64 = Release|x64
		Release|x86 = Release|x86
	EndGlobalSection
	GlobalSection(ProjectConfigurationPlatforms) = postSolution
		{D55B6AD2-3D10-41FB-9491-D7C36A204F15}.Debug|x64.ActiveCfg = Debug|x64
		{D55B6AD2-3D10-41FB-9491-D7C36A204F15}.Debug|x64.Build.0 = Debug|x64
		{D55B6AD2-3D10-41FB-9491-D7C36A204F15}.Debug|x86.ActiveCfg = Debug|Win32
		{D55B6AD2-3D10-41FB-9491-D7C36A204F15}.Debug|x86.Build.0 = Debug|Win32
		{D55B6AD2-3D10-41FB-9491-D7C36A204F15}.Release|x64.ActiveCfg = Release|x64
		{D55B6AD2-3D10-41FB-9491-D7C36A204F15}.Release|x64.Build.0 = Release|x64
		{D55B6AD2-3D10-41FB-9491-D7C36A204F15}.Release|x86.ActiveCfg = Release|Win32
		{D55B6AD2-3D10-41FB-9491-D7C36A204F15}.Release|x86.Build.0 = Release|Win32
	EndGlobalSection
	GlobalSection(SolutionProperties) = preSolution
		HideSolutionNode = FALSE
	EndGlobalSection
	GlobalSection(ExtensibilityGlobals) = postSolution
		SolutionGuid = {5AC2C7B2-C787-4782-B27F-CA3372975B5F}
	EndGlobalSection
EndGlobal
